
Microsoft Visual Studio Solution File, Format Version 10.00
# Visual Studio 2008
Project("{8BC9CEB8-8B4A-11D0-8D11-00A0C91BC942}") = "T02CLOCK", "T02CLOCK.vcproj", "{3022FDDC-7384-4FF0-A660-675C14BD648B}"
EndProject
Global
	GlobalSection(SolutionConfigurationPlatforms) = preSolution
		Debug|Win32 = Debug|Win32
		Release|Win32 = Release|Win32
	EndGlobalSection
	GlobalSection(ProjectConfigurationPlatforms) = postSolution
		{3022FDDC-7384-4FF0-A660-675C14BD648B}.Debug|Win32.ActiveCfg = Debug|Win32
		{3022FDDC-7384-4FF0-A660-675C14BD648B}.Debug|Win32.Build.0 = Debug|Win32
		{3022FDDC-7384-4FF0-A660-675C14BD648B}.Release|Win32.ActiveCfg = Release|Win32
		{3022FDDC-7384-4FF0-A660-675C14BD648B}.Release|Win32.Build.0 = Release|Win32
	EndGlobalSection
	GlobalSection(SolutionProperties) = preSolution
		HideSolutionNode = FALSE
	EndGlobalSection
EndGlobal
